// !$*UTF8*$!
{
	archiveVersion = 1;
	classes = {
	};
	objectVersion = 48;
	objects = {

/* Begin PBXBuildFile section */
		58443B6C0FB02D0285AC9E36 /* Pods_domeUITests.framework in Frameworks */ = {isa = PBXBuildFile; fileRef = 2093F9CC917955DA68443034 /* Pods_domeUITests.framework */; };
		5D5FB028ABD64D033AE1851D /* Pods_dome.framework in Frameworks */ = {isa = PBXBuildFile; fileRef = 6CBF584B7981E541FDFD0E07 /* Pods_dome.framework */; };
		736E47472176E94100F381EC /* AlamofireDome.swift in Sources */ = {isa = PBXBuildFile; fileRef = 736E47462176E94100F381EC /* AlamofireDome.swift */; };
		73E06AF8216C4FF500537A1D /* AppDelegate.swift in Sources */ = {isa = PBXBuildFile; fileRef = 73E06AF7216C4FF500537A1D /* AppDelegate.swift */; };
		73E06AFA216C4FF500537A1D /* ViewController.swift in Sources */ = {isa = PBXBuildFile; fileRef = 73E06AF9216C4FF500537A1D /* ViewController.swift */; };
		73E06AFD216C4FF500537A1D /* Main.storyboard in Resources */ = {isa = PBXBuildFile; fileRef = 73E06AFB216C4FF500537A1D /* Main.storyboard */; };
		73E06AFF216C4FF500537A1D /* Assets.xcassets in Resources */ = {isa = PBXBuildFile; fileRef = 73E06AFE216C4FF500537A1D /* Assets.xcassets */; };
		73E06B02216C4FF500537A1D /* LaunchScreen.storyboard in Resources */ = {isa = PBXBuildFile; fileRef = 73E06B00216C4FF500537A1D /* LaunchScreen.storyboard */; };
		73E06B0D216C4FF500537A1D /* domeTests.swift in Sources */ = {isa = PBXBuildFile; fileRef = 73E06B0C216C4FF500537A1D /* domeTests.swift */; };
		73E06B18216C4FF500537A1D /* domeUITests.swift in Sources */ = {isa = PBXBuildFile; fileRef = 73E06B17216C4FF500537A1D /* domeUITests.swift */; };
		981BFF660F9ED25C90874A03 /* Pods_domeTests.framework in Frameworks */ = {isa = PBXBuildFile; fileRef = FE2C9D4FD01C9BB649A1D2BD /* Pods_domeTests.framework */; };
/* End PBXBuildFile section */

/* Begin PBXContainerItemProxy section */
		73E06B09216C4FF500537A1D /* PBXContainerItemProxy */ = {
			isa = PBXContainerItemProxy;
			containerPortal = 73E06AEC216C4FF400537A1D /* Project object */;
			proxyType = 1;
			remoteGlobalIDString = 73E06AF3216C4FF400537A1D;
			remoteInfo = dome;
		};
		73E06B14216C4FF500537A1D /* PBXContainerItemProxy */ = {
			isa = PBXContainerItemProxy;
			containerPortal = 73E06AEC216C4FF400537A1D /* Project object */;
			proxyType = 1;
			remoteGlobalIDString = 73E06AF3216C4FF400537A1D;
			remoteInfo = dome;
		};
/* End PBXContainerItemProxy section */

/* Begin PBXFileReference section */
		1168C1FA18E398BD2A40B90A /* Pods-dome.debug.xcconfig */ = {isa = PBXFileReference; includeInIndex = 1; lastKnownFileType = text.xcconfig; name = "Pods-dome.debug.xcconfig"; path = "Pods/Target Support Files/Pods-dome/Pods-dome.debug.xcconfig"; sourceTree = "<group>"; };
		1A783F187A01EF86DAF5CC4E /* Pods-domeUITests.debug.xcconfig */ = {isa = PBXFileReference; includeInIndex = 1; lastKnownFileType = text.xcconfig; name = "Pods-domeUITests.debug.xcconfig"; path = "Pods/Target Support Files/Pods-domeUITests/Pods-domeUITests.debug.xcconfig"; sourceTree = "<group>"; };
		2093F9CC917955DA68443034 /* Pods_domeUITests.framework */ = {isa = PBXFileReference; explicitFileType = wrapper.framework; includeInIndex = 0; path = Pods_domeUITests.framework; sourceTree = BUILT_PRODUCTS_DIR; };
		3104B1BAC6C739D3ACDC152C /* Pods-domeTests.debug.xcconfig */ = {isa = PBXFileReference; includeInIndex = 1; lastKnownFileType = text.xcconfig; name = "Pods-domeTests.debug.xcconfig"; path = "Pods/Target Support Files/Pods-domeTests/Pods-domeTests.debug.xcconfig"; sourceTree = "<group>"; };
		4ABAA5D488B53EFC130A8CAD /* Pods-domeTests.release.xcconfig */ = {isa = PBXFileReference; includeInIndex = 1; lastKnownFileType = text.xcconfig; name = "Pods-domeTests.release.xcconfig"; path = "Pods/Target Support Files/Pods-domeTests/Pods-domeTests.release.xcconfig"; sourceTree = "<group>"; };
		6CBF584B7981E541FDFD0E07 /* Pods_dome.framework */ = {isa = PBXFileReference; explicitFileType = wrapper.framework; includeInIndex = 0; path = Pods_dome.framework; sourceTree = BUILT_PRODUCTS_DIR; };
		736E47462176E94100F381EC /* AlamofireDome.swift */ = {isa = PBXFileReference; lastKnownFileType = sourcecode.swift; path = AlamofireDome.swift; sourceTree = "<group>"; };
		73E06AF4216C4FF500537A1D /* dome.app */ = {isa = PBXFileReference; explicitFileType = wrapper.application; includeInIndex = 0; path = dome.app; sourceTree = BUILT_PRODUCTS_DIR; };
		73E06AF7216C4FF500537A1D /* AppDelegate.swift */ = {isa = PBXFileReference; lastKnownFileType = sourcecode.swift; path = AppDelegate.swift; sourceTree = "<group>"; };
		73E06AF9216C4FF500537A1D /* ViewController.swift */ = {isa = PBXFileReference; lastKnownFileType = sourcecode.swift; path = ViewController.swift; sourceTree = "<group>"; };
		73E06AFC216C4FF500537A1D /* Base */ = {isa = PBXFileReference; lastKnownFileType = file.storyboard; name = Base; path = Base.lproj/Main.storyboard; sourceTree = "<group>"; };
		73E06AFE216C4FF500537A1D /* Assets.xcassets */ = {isa = PBXFileReference; lastKnownFileType = folder.assetcatalog; path = Assets.xcassets; sourceTree = "<group>"; };
		73E06B01216C4FF500537A1D /* Base */ = {isa = PBXFileReference; lastKnownFileType = file.storyboard; name = Base; path = Base.lproj/LaunchScreen.storyboard; sourceTree = "<group>"; };
		73E06B03216C4FF500537A1D /* Info.plist */ = {isa = PBXFileReference; lastKnownFileType = text.plist.xml; path = Info.plist; sourceTree = "<group>"; };
		73E06B08216C4FF500537A1D /* domeTests.xctest */ = {isa = PBXFileReference; explicitFileType = wrapper.cfbundle; includeInIndex = 0; path = domeTests.xctest; sourceTree = BUILT_PRODUCTS_DIR; };
		73E06B0C216C4FF500537A1D /* domeTests.swift */ = {isa = PBXFileReference; lastKnownFileType = sourcecode.swift; path = domeTests.swift; sourceTree = "<group>"; };
		73E06B0E216C4FF500537A1D /* Info.plist */ = {isa = PBXFileReference; lastKnownFileType = text.plist.xml; path = Info.plist; sourceTree = "<group>"; };
		73E06B13216C4FF500537A1D /* domeUITests.xctest */ = {isa = PBXFileReference; explicitFileType = wrapper.cfbundle; includeInIndex = 0; path = domeUITests.xctest; sourceTree = BUILT_PRODUCTS_DIR; };
		73E06B17216C4FF500537A1D /* domeUITests.swift */ = {isa = PBXFileReference; lastKnownFileType = sourcecode.swift; path = domeUITests.swift; sourceTree = "<group>"; };
		73E06B19216C4FF500537A1D /* Info.plist */ = {isa = PBXFileReference; lastKnownFileType = text.plist.xml; path = Info.plist; sourceTree = "<group>"; };
		7434B4D1995DB2BDB6900144 /* Pods-dome.release.xcconfig */ = {isa = PBXFileReference; includeInIndex = 1; lastKnownFileType = text.xcconfig; name = "Pods-dome.release.xcconfig"; path = "Pods/Target Support Files/Pods-dome/Pods-dome.release.xcconfig"; sourceTree = "<group>"; };
		B23D630779E0FAC311A4C366 /* Pods-domeUITests.release.xcconfig */ = {isa = PBXFileReference; includeInIndex = 1; lastKnownFileType = text.xcconfig; name = "Pods-domeUITests.release.xcconfig"; path = "Pods/Target Support Files/Pods-domeUITests/Pods-domeUITests.release.xcconfig"; sourceTree = "<group>"; };
		FE2C9D4FD01C9BB649A1D2BD /* Pods_domeTests.framework */ = {isa = PBXFileReference; explicitFileType = wrapper.framework; includeInIndex = 0; path = Pods_domeTests.framework; sourceTree = BUILT_PRODUCTS_DIR; };
/* End PBXFileReference section */

/* Begin PBXFrameworksBuildPhase section */
		73E06AF1216C4FF400537A1D /* Frameworks */ = {
			isa = PBXFrameworksBuildPhase;
			buildActionMask = 2147483647;
			files = (
				5D5FB028ABD64D033AE1851D /* Pods_dome.framework in Frameworks */,
			);
			runOnlyForDeploymentPostprocessing = 0;
		};
		73E06B05216C4FF500537A1D /* Frameworks */ = {
			isa = PBXFrameworksBuildPhase;
			buildActionMask = 2147483647;
			files = (
				981BFF660F9ED25C90874A03 /* Pods_domeTests.framework in Frameworks */,
			);
			runOnlyForDeploymentPostprocessing = 0;
		};
		73E06B10216C4FF500537A1D /* Frameworks */ = {
			isa = PBXFrameworksBuildPhase;
			buildActionMask = 2147483647;
			files = (
				58443B6C0FB02D0285AC9E36 /* Pods_domeUITests.framework in Frameworks */,
			);
			runOnlyForDeploymentPostprocessing = 0;
		};
/* End PBXFrameworksBuildPhase section */

/* Begin PBXGroup section */
		73E06AEB216C4FF400537A1D = {
			isa = PBXGroup;
			children = (
				73E06AF6216C4FF500537A1D /* dome */,
				73E06B0B216C4FF500537A1D /* domeTests */,
				73E06B16216C4FF500537A1D /* domeUITests */,
				73E06AF5216C4FF500537A1D /* Products */,
				A64CD67C75FBFEEEA4C24774 /* Pods */,
				75828D3B412A47809BA5655B /* Frameworks */,
			);
			sourceTree = "<group>";
		};
		73E06AF5216C4FF500537A1D /* Products */ = {
			isa = PBXGroup;
			children = (
				73E06AF4216C4FF500537A1D /* dome.app */,
				73E06B08216C4FF500537A1D /* domeTests.xctest */,
				73E06B13216C4FF500537A1D /* domeUITests.xctest */,
			);
			name = Products;
			sourceTree = "<group>";
		};
		73E06AF6216C4FF500537A1D /* dome */ = {
			isa = PBXGroup;
			children = (
				73E06AF7216C4FF500537A1D /* AppDelegate.swift */,
				73E06AF9216C4FF500537A1D /* ViewController.swift */,
				73E06AFB216C4FF500537A1D /* Main.storyboard */,
				73E06AFE216C4FF500537A1D /* Assets.xcassets */,
				73E06B00216C4FF500537A1D /* LaunchScreen.storyboard */,
				73E06B03216C4FF500537A1D /* Info.plist */,
				736E47462176E94100F381EC /* AlamofireDome.swift */,
			);
			path = dome;
			sourceTree = "<group>";
		};
		73E06B0B216C4FF500537A1D /* domeTests */ = {
			isa = PBXGroup;
			children = (
				73E06B0C216C4FF500537A1D /* domeTests.swift */,
				73E06B0E216C4FF500537A1D /* Info.plist */,
			);
			path = domeTests;
			sourceTree = "<group>";
		};
		73E06B16216C4FF500537A1D /* domeUITests */ = {
			isa = PBXGroup;
			children = (
				73E06B17216C4FF500537A1D /* domeUITests.swift */,
				73E06B19216C4FF500537A1D /* Info.plist */,
			);
			path = domeUITests;
			sourceTree = "<group>";
		};
		75828D3B412A47809BA5655B /* Frameworks */ = {
			isa = PBXGroup;
			children = (
				6CBF584B7981E541FDFD0E07 /* Pods_dome.framework */,
				FE2C9D4FD01C9BB649A1D2BD /* Pods_domeTests.framework */,
				2093F9CC917955DA68443034 /* Pods_domeUITests.framework */,
			);
			name = Frameworks;
			sourceTree = "<group>";
		};
		A64CD67C75FBFEEEA4C24774 /* Pods */ = {
			isa = PBXGroup;
			children = (
				1168C1FA18E398BD2A40B90A /* Pods-dome.debug.xcconfig */,
				7434B4D1995DB2BDB6900144 /* Pods-dome.release.xcconfig */,
				3104B1BAC6C739D3ACDC152C /* Pods-domeTests.debug.xcconfig */,
				4ABAA5D488B53EFC130A8CAD /* Pods-domeTests.release.xcconfig */,
				1A783F187A01EF86DAF5CC4E /* Pods-domeUITests.debug.xcconfig */,
				B23D630779E0FAC311A4C366 /* Pods-domeUITests.release.xcconfig */,
			);
			name = Pods;
			sourceTree = "<group>";
		};
/* End PBXGroup section */

/* Begin PBXNativeTarget section */
		73E06AF3216C4FF400537A1D /* dome */ = {
			isa = PBXNativeTarget;
			buildConfigurationList = 73E06B1C216C4FF500537A1D /* Build configuration list for PBXNativeTarget "dome" */;
			buildPhases = (
				EB8A066CD5194F79C19E5B0A /* [CP] Check Pods Manifest.lock */,
				73E06AF0216C4FF400537A1D /* Sources */,
				73E06AF1216C4FF400537A1D /* Frameworks */,
				73E06AF2216C4FF400537A1D /* Resources */,
				5EE31CB193B1D92A545CE518 /* [CP] Embed Pods Frameworks */,
				3F73E08845F986B3529D5548 /* [CP] Copy Pods Resources */,
			);
			buildRules = (
			);
			dependencies = (
			);
			name = dome;
			productName = dome;
			productReference = 73E06AF4216C4FF500537A1D /* dome.app */;
			productType = "com.apple.product-type.application";
		};
		73E06B07216C4FF500537A1D /* domeTests */ = {
			isa = PBXNativeTarget;
			buildConfigurationList = 73E06B1F216C4FF500537A1D /* Build configuration list for PBXNativeTarget "domeTests" */;
			buildPhases = (
				E7607867524EDE2B4489AA37 /* [CP] Check Pods Manifest.lock */,
				73E06B04216C4FF500537A1D /* Sources */,
				73E06B05216C4FF500537A1D /* Frameworks */,
				73E06B06216C4FF500537A1D /* Resources */,
				2F50E5088D64729295872465 /* [CP] Embed Pods Frameworks */,
				F7B360D0DBFC42FEF5B0886C /* [CP] Copy Pods Resources */,
			);
			buildRules = (
			);
			dependencies = (
				73E06B0A216C4FF500537A1D /* PBXTargetDependency */,
			);
			name = domeTests;
			productName = domeTests;
			productReference = 73E06B08216C4FF500537A1D /* domeTests.xctest */;
			productType = "com.apple.product-type.bundle.unit-test";
		};
		73E06B12216C4FF500537A1D /* domeUITests */ = {
			isa = PBXNativeTarget;
			buildConfigurationList = 73E06B22216C4FF500537A1D /* Build configuration list for PBXNativeTarget "domeUITests" */;
			buildPhases = (
				21747DED3796DE765C121DB2 /* [CP] Check Pods Manifest.lock */,
				73E06B0F216C4FF500537A1D /* Sources */,
				73E06B10216C4FF500537A1D /* Frameworks */,
				73E06B11216C4FF500537A1D /* Resources */,
				BE6028C173E54106C8509953 /* [CP] Embed Pods Frameworks */,
				DC846CAC89AB7BBE290C7BEC /* [CP] Copy Pods Resources */,
			);
			buildRules = (
			);
			dependencies = (
				73E06B15216C4FF500537A1D /* PBXTargetDependency */,
			);
			name = domeUITests;
			productName = domeUITests;
			productReference = 73E06B13216C4FF500537A1D /* domeUITests.xctest */;
			productType = "com.apple.product-type.bundle.ui-testing";
		};
/* End PBXNativeTarget section */

/* Begin PBXProject section */
		73E06AEC216C4FF400537A1D /* Project object */ = {
			isa = PBXProject;
			attributes = {
				LastSwiftUpdateCheck = 0910;
				LastUpgradeCheck = 0910;
				ORGANIZATIONNAME = admin;
				TargetAttributes = {
					73E06AF3216C4FF400537A1D = {
						CreatedOnToolsVersion = 9.1;
						ProvisioningStyle = Automatic;
					};
					73E06B07216C4FF500537A1D = {
						CreatedOnToolsVersion = 9.1;
						ProvisioningStyle = Automatic;
						TestTargetID = 73E06AF3216C4FF400537A1D;
					};
					73E06B12216C4FF500537A1D = {
						CreatedOnToolsVersion = 9.1;
						ProvisioningStyle = Automatic;
						TestTargetID = 73E06AF3216C4FF400537A1D;
					};
				};
			};
			buildConfigurationList = 73E06AEF216C4FF400537A1D /* Build configuration list for PBXProject "dome" */;
			compatibilityVersion = "Xcode 8.0";
			developmentRegion = en;
			hasScannedForEncodings = 0;
			knownRegions = (
				en,
				Base,
			);
			mainGroup = 73E06AEB216C4FF400537A1D;
			productRefGroup = 73E06AF5216C4FF500537A1D /* Products */;
			projectDirPath = "";
			projectRoot = "";
			targets = (
				73E06AF3216C4FF400537A1D /* dome */,
				73E06B07216C4FF500537A1D /* domeTests */,
				73E06B12216C4FF500537A1D /* domeUITests */,
			);
		};
/* End PBXProject section */

/* Begin PBXResourcesBuildPhase section */
		73E06AF2216C4FF400537A1D /* Resources */ = {
			isa = PBXResourcesBuildPhase;
			buildActionMask = 2147483647;
			files = (
				73E06B02216C4FF500537A1D /* LaunchScreen.storyboard in Resources */,
				73E06AFF216C4FF500537A1D /* Assets.xcassets in Resources */,
				73E06AFD216C4FF500537A1D /* Main.storyboard in Resources */,
			);
			runOnlyForDeploymentPostprocessing = 0;
		};
		73E06B06216C4FF500537A1D /* Resources */ = {
			isa = PBXResourcesBuildPhase;
			buildActionMask = 2147483647;
			files = (
			);
			runOnlyForDeploymentPostprocessing = 0;
		};
		73E06B11216C4FF500537A1D /* Resources */ = {
			isa = PBXResourcesBuildPhase;
			buildActionMask = 2147483647;
			files = (
			);
			runOnlyForDeploymentPostprocessing = 0;
		};
/* End PBXResourcesBuildPhase section */

/* Begin PBXShellScriptBuildPhase section */
		21747DED3796DE765C121DB2 /* [CP] Check Pods Manifest.lock */ = {
			isa = PBXShellScriptBuildPhase;
			buildActionMask = 2147483647;
			files = (
			);
			inputPaths = (
				"${PODS_PODFILE_DIR_PATH}/Podfile.lock",
				"${PODS_ROOT}/Manifest.lock",
			);
			name = "[CP] Check Pods Manifest.lock";
			outputPaths = (
				"$(DERIVED_FILE_DIR)/Pods-domeUITests-checkManifestLockResult.txt",
			);
			runOnlyForDeploymentPostprocessing = 0;
			shellPath = /bin/sh;
			shellScript = "diff \"${PODS_PODFILE_DIR_PATH}/Podfile.lock\" \"${PODS_ROOT}/Manifest.lock\" > /dev/null\nif [ $? != 0 ] ; then\n    # print error to STDERR\n    echo \"error: The sandbox is not in sync with the Podfile.lock. Run 'pod install' or update your CocoaPods installation.\" >&2\n    exit 1\nfi\n# This output is used by Xcode 'outputs' to avoid re-running this script phase.\necho \"SUCCESS\" > \"${SCRIPT_OUTPUT_FILE_0}\"\n";
			showEnvVarsInLog = 0;
		};
		2F50E5088D64729295872465 /* [CP] Embed Pods Frameworks */ = {
			isa = PBXShellScriptBuildPhase;
			buildActionMask = 2147483647;
			files = (
			);
			inputPaths = (
			);
			name = "[CP] Embed Pods Frameworks";
			outputPaths = (
			);
			runOnlyForDeploymentPostprocessing = 0;
			shellPath = /bin/sh;
			shellScript = "\"${SRCROOT}/Pods/Target Support Files/Pods-domeTests/Pods-domeTests-frameworks.sh\"\n";
			showEnvVarsInLog = 0;
		};
		3F73E08845F986B3529D5548 /* [CP] Copy Pods Resources */ = {
			isa = PBXShellScriptBuildPhase;
			buildActionMask = 2147483647;
			files = (
			);
			inputPaths = (
			);
			name = "[CP] Copy Pods Resources";
			outputPaths = (
			);
			runOnlyForDeploymentPostprocessing = 0;
			shellPath = /bin/sh;
			shellScript = "\"${SRCROOT}/Pods/Target Support Files/Pods-dome/Pods-dome-resources.sh\"\n";
			showEnvVarsInLog = 0;
		};
		5EE31CB193B1D92A545CE518 /* [CP] Embed Pods Frameworks */ = {
			isa = PBXShellScriptBuildPhase;
			buildActionMask = 2147483647;
			files = (
			);
			inputPaths = (
				"${SRCROOT}/Pods/Target Support Files/Pods-dome/Pods-dome-frameworks.sh",
				"${BUILT_PRODUCTS_DIR}/Alamofire/Alamofire.framework",
				"${BUILT_PRODUCTS_DIR}/HandyJSON/HandyJSON.framework",
			);
			name = "[CP] Embed Pods Frameworks";
			outputPaths = (
				"${TARGET_BUILD_DIR}/${FRAMEWORKS_FOLDER_PATH}/Alamofire.framework",
				"${TARGET_BUILD_DIR}/${FRAMEWORKS_FOLDER_PATH}/HandyJSON.framework",
			);
			runOnlyForDeploymentPostprocessing = 0;
			shellPath = /bin/sh;
			shellScript = "\"${SRCROOT}/Pods/Target Support Files/Pods-dome/Pods-dome-frameworks.sh\"\n";
			showEnvVarsInLog = 0;
		};
		BE6028C173E54106C8509953 /* [CP] Embed Pods Frameworks */ = {
			isa = PBXShellScriptBuildPhase;
			buildActionMask = 2147483647;
			files = (
			);
			inputPaths = (
			);
			name = "[CP] Embed Pods Frameworks";
			outputPaths = (
			);
			runOnlyForDeploymentPostprocessing = 0;
			shellPath = /bin/sh;
			shellScript = "\"${SRCROOT}/Pods/Target Support Files/Pods-domeUITests/Pods-domeUITests-frameworks.sh\"\n";
			showEnvVarsInLog = 0;
		};
		DC846CAC89AB7BBE290C7BEC /* [CP] Copy Pods Resources */ = {
			isa = PBXShellScriptBuildPhase;
			buildActionMask = 2147483647;
			files = (
			);
			inputPaths = (
			);
			name = "[CP] Copy Pods Resources";
			outputPaths = (
			);
			runOnlyForDeploymentPostprocessing = 0;
			shellPath = /bin/sh;
			shellScript = "\"${SRCROOT}/Pods/Target Support Files/Pods-domeUITests/Pods-domeUITests-resources.sh\"\n";
			showEnvVarsInLog = 0;
		};
		E7607867524EDE2B4489AA37 /* [CP] Check Pods Manifest.lock */ = {
			isa = PBXShellScriptBuildPhase;
			buildActionMask = 2147483647;
			files = (
			);
			inputPaths = (
				"${PODS_PODFILE_DIR_PATH}/Podfile.lock",
				"${PODS_ROOT}/Manifest.lock",
			);
			name = "[CP] Check Pods Manifest.lock";
			outputPaths = (
				"$(DERIVED_FILE_DIR)/Pods-domeTests-checkManifestLockResult.txt",
			);
			runOnlyForDeploymentPostprocessing = 0;
			shellPath = /bin/sh;
			shellScript = "diff \"${PODS_PODFILE_DIR_PATH}/Podfile.lock\" \"${PODS_ROOT}/Manifest.lock\" > /dev/null\nif [ $? != 0 ] ; then\n    # print error to STDERR\n    echo \"error: The sandbox is not in sync with the Podfile.lock. Run 'pod install' or update your CocoaPods installation.\" >&2\n    exit 1\nfi\n# This output is used by Xcode 'outputs' to avoid re-running this script phase.\necho \"SUCCESS\" > \"${SCRIPT_OUTPUT_FILE_0}\"\n";
			showEnvVarsInLog = 0;
		};
		EB8A066CD5194F79C19E5B0A /* [CP] Check Pods Manifest.lock */ = {
			isa = PBXShellScriptBuildPhase;
			buildActionMask = 2147483647;
			files = (
			);
			inputPaths = (
				"${PODS_PODFILE_DIR_PATH}/Podfile.lock",
				"${PODS_ROOT}/Manifest.lock",
			);
			name = "[CP] Check Pods Manifest.lock";
			outputPaths = (
				"$(DERIVED_FILE_DIR)/Pods-dome-checkManifestLockResult.txt",
			);
			runOnlyForDeploymentPostprocessing = 0;
			shellPath = /bin/sh;
			shellScript = "diff \"${PODS_PODFILE_DIR_PATH}/Podfile.lock\" \"${PODS_ROOT}/Manifest.lock\" > /dev/null\nif [ $? != 0 ] ; then\n    # print error to STDERR\n    echo \"error: The sandbox is not in sync with the Podfile.lock. Run 'pod install' or update your CocoaPods installation.\" >&2\n    exit 1\nfi\n# This output is used by Xcode 'outputs' to avoid re-running this script phase.\necho \"SUCCESS\" > \"${SCRIPT_OUTPUT_FILE_0}\"\n";
			showEnvVarsInLog = 0;
		};
		F7B360D0DBFC42FEF5B0886C /* [CP] Copy Pods Resources */ = {
			isa = PBXShellScriptBuildPhase;
			buildActionMask = 2147483647;
			files = (
			);
			inputPaths = (
			);
			name = "[CP] Copy Pods Resources";
			outputPaths = (
			);
			runOnlyForDeploymentPostprocessing = 0;
			shellPath = /bin/sh;
			shellScript = "\"${SRCROOT}/Pods/Target Support Files/Pods-domeTests/Pods-domeTests-resources.sh\"\n";
			showEnvVarsInLog = 0;
		};
/* End PBXShellScriptBuildPhase section */

/* Begin PBXSourcesBuildPhase section */
		73E06AF0216C4FF400537A1D /* Sources */ = {
			isa = PBXSourcesBuildPhase;
			buildActionMask = 2147483647;
			files = (
				73E06AFA216C4FF500537A1D /* ViewController.swift in Sources */,
				736E47472176E94100F381EC /* AlamofireDome.swift in Sources */,
				73E06AF8216C4FF500537A1D /* AppDelegate.swift in Sources */,
			);
			runOnlyForDeploymentPostprocessing = 0;
		};
		73E06B04216C4FF500537A1D /* Sources */ = {
			isa = PBXSourcesBuildPhase;
			buildActionMask = 2147483647;
			files = (
				73E06B0D216C4FF500537A1D /* domeTests.swift in Sources */,
			);
			runOnlyForDeploymentPostprocessing = 0;
		};
		73E06B0F216C4FF500537A1D /* Sources */ = {
			isa = PBXSourcesBuildPhase;
			buildActionMask = 2147483647;
			files = (
				73E06B18216C4FF500537A1D /* domeUITests.swift in Sources */,
			);
			runOnlyForDeploymentPostprocessing = 0;
		};
/* End PBXSourcesBuildPhase section */

/* Begin PBXTargetDependency section */
		73E06B0A216C4FF500537A1D /* PBXTargetDependency */ = {
			isa = PBXTargetDependency;
			target = 73E06AF3216C4FF400537A1D /* dome */;
			targetProxy = 73E06B09216C4FF500537A1D /* PBXContainerItemProxy */;
		};
		73E06B15216C4FF500537A1D /* PBXTargetDependency */ = {
			isa = PBXTargetDependency;
			target = 73E06AF3216C4FF400537A1D /* dome */;
			targetProxy = 73E06B14216C4FF500537A1D /* PBXContainerItemProxy */;
		};
/* End PBXTargetDependency section */

/* Begin PBXVariantGroup section */
		73E06AFB216C4FF500537A1D /* Main.storyboard */ = {
			isa = PBXVariantGroup;
			children = (
				73E06AFC216C4FF500537A1D /* Base */,
			);
			name = Main.storyboard;
			sourceTree = "<group>";
		};
		73E06B00216C4FF500537A1D /* LaunchScreen.storyboard */ = {
			isa = PBXVariantGroup;
			children = (
				73E06B01216C4FF500537A1D /* Base */,
			);
			name = LaunchScreen.storyboard;
			sourceTree = "<group>";
		};
/* End PBXVariantGroup section */

/* Begin XCBuildConfiguration section */
		73E06B1A216C4FF500537A1D /* Debug */ = {
			isa = XCBuildConfiguration;
			buildSettings = {
				ALWAYS_SEARCH_USER_PATHS = NO;
				CLANG_ANALYZER_NONNULL = YES;
				CLANG_ANALYZER_NUMBER_OBJECT_CONVERSION = YES_AGGRESSIVE;
				CLANG_CXX_LANGUAGE_STANDARD = "gnu++14";
				CLANG_CXX_LIBRARY = "libc++";
				CLANG_ENABLE_MODULES = YES;
				CLANG_ENABLE_OBJC_ARC = YES;
				CLANG_WARN_BLOCK_CAPTURE_AUTORELEASING = YES;
				CLANG_WARN_BOOL_CONVERSION = YES;
				CLANG_WARN_COMMA = YES;
				CLANG_WARN_CONSTANT_CONVERSION = YES;
				CLANG_WARN_DIRECT_OBJC_ISA_USAGE = YES_ERROR;
				CLANG_WARN_DOCUMENTATION_COMMENTS = YES;
				CLANG_WARN_EMPTY_BODY = YES;
				CLANG_WARN_ENUM_CONVERSION = YES;
				CLANG_WARN_INFINITE_RECURSION = YES;
				CLANG_WARN_INT_CONVERSION = YES;
				CLANG_WARN_NON_LITERAL_NULL_CONVERSION = YES;
				CLANG_WARN_OBJC_LITERAL_CONVERSION = YES;
				CLANG_WARN_OBJC_ROOT_CLASS = YES_ERROR;
				CLANG_WARN_RANGE_LOOP_ANALYSIS = YES;
				CLANG_WARN_STRICT_PROTOTYPES = YES;
				CLANG_WARN_SUSPICIOUS_MOVE = YES;
				CLANG_WARN_UNGUARDED_AVAILABILITY = YES_AGGRESSIVE;
				CLANG_WARN_UNREACHABLE_CODE = YES;
				CLANG_WARN__DUPLICATE_METHOD_MATCH = YES;
				CODE_SIGN_IDENTITY = "iPhone Developer";
				COPY_PHASE_STRIP = NO;
				DEBUG_INFORMATION_FORMAT = dwarf;
				ENABLE_STRICT_OBJC_MSGSEND = YES;
				ENABLE_TESTABILITY = YES;
				GCC_C_LANGUAGE_STANDARD = gnu11;
				GCC_DYNAMIC_NO_PIC = NO;
				GCC_NO_COMMON_BLOCKS = YES;
				GCC_OPTIMIZATION_LEVEL = 0;
				GCC_PREPROCESSOR_DEFINITIONS = (
					"DEBUG=1",
					"$(inherited)",
				);
				GCC_WARN_64_TO_32_BIT_CONVERSION = YES;
				GCC_WARN_ABOUT_RETURN_TYPE = YES_ERROR;
				GCC_WARN_UNDECLARED_SELECTOR = YES;
				GCC_WARN_UNINITIALIZED_AUTOS = YES_AGGRESSIVE;
				GCC_WARN_UNUSED_FUNCTION = YES;
				GCC_WARN_UNUSED_VARIABLE = YES;
				IPHONEOS_DEPLOYMENT_TARGET = 11.1;
				MTL_ENABLE_DEBUG_INFO = YES;
				ONLY_ACTIVE_ARCH = YES;
				SDKROOT = iphoneos;
				SWIFT_ACTIVE_COMPILATION_CONDITIONS = DEBUG;
				SWIFT_OPTIMIZATION_LEVEL = "-Onone";
			};
			name = Debug;
		};
		73E06B1B216C4FF500537A1D /* Release */ = {
			isa = XCBuildConfiguration;
			buildSettings = {
				ALWAYS_SEARCH_USER_PATHS = NO;
				CLANG_ANALYZER_NONNULL = YES;
				CLANG_ANALYZER_NUMBER_OBJECT_CONVERSION = YES_AGGRESSIVE;
				CLANG_CXX_LANGUAGE_STANDARD = "gnu++14";
				CLANG_CXX_LIBRARY = "libc++";
				CLANG_ENABLE_MODULES = YES;
				CLANG_ENABLE_OBJC_ARC = YES;
				CLANG_WARN_BLOCK_CAPTURE_AUTORELEASING = YES;
				CLANG_WARN_BOOL_CONVERSION = YES;
				CLANG_WARN_COMMA = YES;
				CLANG_WARN_CONSTANT_CONVERSION = YES;
				CLANG_WARN_DIRECT_OBJC_ISA_USAGE = YES_ERROR;
				CLANG_WARN_DOCUMENTATION_COMMENTS = YES;
				CLANG_WARN_EMPTY_BODY = YES;
				CLANG_WARN_ENUM_CONVERSION = YES;
				CLANG_WARN_INFINITE_RECURSION = YES;
				CLANG_WARN_INT_CONVERSION = YES;
				CLANG_WARN_NON_LITERAL_NULL_CONVERSION = YES;
				CLANG_WARN_OBJC_LITERAL_CONVERSION = YES;
				CLANG_WARN_OBJC_ROOT_CLASS = YES_ERROR;
				CLANG_WARN_RANGE_LOOP_ANALYSIS = YES;
				CLANG_WARN_STRICT_PROTOTYPES = YES;
				CLANG_WARN_SUSPICIOUS_MOVE = YES;
				CLANG_WARN_UNGUARDED_AVAILABILITY = YES_AGGRESSIVE;
				CLANG_WARN_UNREACHABLE_CODE = YES;
				CLANG_WARN__DUPLICATE_METHOD_MATCH = YES;
				CODE_SIGN_IDENTITY = "iPhone Developer";
				COPY_PHASE_STRIP = NO;
				DEBUG_INFORMATION_FORMAT = "dwarf-with-dsym";
				ENABLE_NS_ASSERTIONS = NO;
				ENABLE_STRICT_OBJC_MSGSEND = YES;
				GCC_C_LANGUAGE_STANDARD = gnu11;
				GCC_NO_COMMON_BLOCKS = YES;
				GCC_WARN_64_TO_32_BIT_CONVERSION = YES;
				GCC_WARN_ABOUT_RETURN_TYPE = YES_ERROR;
				GCC_WARN_UNDECLARED_SELECTOR = YES;
				GCC_WARN_UNINITIALIZED_AUTOS = YES_AGGRESSIVE;
				GCC_WARN_UNUSED_FUNCTION = YES;
				GCC_WARN_UNUSED_VARIABLE = YES;
				IPHONEOS_DEPLOYMENT_TARGET = 11.1;
				MTL_ENABLE_DEBUG_INFO = NO;
				SDKROOT = iphoneos;
				SWIFT_OPTIMIZATION_LEVEL = "-Owholemodule";
				VALIDATE_PRODUCT = YES;
			};
			name = Release;
		};
		73E06B1D216C4FF500537A1D /* Debug */ = {
			isa = XCBuildConfiguration;
			baseConfigurationReference = 1168C1FA18E398BD2A40B90A /* Pods-dome.debug.xcconfig */;
			buildSettings = {
				ASSETCATALOG_COMPILER_APPICON_NAME = AppIcon;
				CODE_SIGN_STYLE = Automatic;
				INFOPLIST_FILE = dome/Info.plist;
				LD_RUNPATH_SEARCH_PATHS = "$(inherited) @executable_path/Frameworks";
				PRODUCT_BUNDLE_IDENTIFIER = com.lxs.dome;
				PRODUCT_NAME = "$(TARGET_NAME)";
				SWIFT_VERSION = 4.0;
				TARGETED_DEVICE_FAMILY = "1,2";
			};
			name = Debug;
		};
		73E06B1E216C4FF500537A1D /* Release */ = {
			isa = XCBuildConfiguration;
			baseConfigurationReference = 7434B4D1995DB2BDB6900144 /* Pods-dome.release.xcconfig */;
			buildSettings = {
				ASSETCATALOG_COMPILER_APPICON_NAME = AppIcon;
				CODE_SIGN_STYLE = Automatic;
				INFOPLIST_FILE = dome/Info.plist;
				LD_RUNPATH_SEARCH_PATHS = "$(inherited) @executable_path/Frameworks";
				PRODUCT_BUNDLE_IDENTIFIER = com.lxs.dome;
				PRODUCT_NAME = "$(TARGET_NAME)";
				SWIFT_VERSION = 4.0;
				TARGETED_DEVICE_FAMILY = "1,2";
			};
			name = Release;
		};
		73E06B20216C4FF500537A1D /* Debug */ = {
			isa = XCBuildConfiguration;
			baseConfigurationReference = 3104B1BAC6C739D3ACDC152C /* Pods-domeTests.debug.xcconfig */;
			buildSettings = {
				ALWAYS_EMBED_SWIFT_STANDARD_LIBRARIES = YES;
				BUNDLE_LOADER = "$(TEST_HOST)";
				CODE_SIGN_STYLE = Automatic;
				INFOPLIST_FILE = domeTests/Info.plist;
				LD_RUNPATH_SEARCH_PATHS = "$(inherited) @executable_path/Frameworks @loader_path/Frameworks";
				PRODUCT_BUNDLE_IDENTIFIER = com.lxs.domeTests;
				PRODUCT_NAME = "$(TARGET_NAME)";
				SWIFT_VERSION = 4.0;
				TARGETED_DEVICE_FAMILY = "1,2";
				TEST_HOST = "$(BUILT_PRODUCTS_DIR)/dome.app/dome";
			};
			name = Debug;
		};
		73E06B21216C4FF500537A1D /* Release */ = {
			isa = XCBuildConfiguration;
			baseConfigurationReference = 4ABAA5D488B53EFC130A8CAD /* Pods-domeTests.release.xcconfig */;
			buildSettings = {
				ALWAYS_EMBED_SWIFT_STANDARD_LIBRARIES = YES;
				BUNDLE_LOADER = "$(TEST_HOST)";
				CODE_SIGN_STYLE = Automatic;
				INFOPLIST_FILE = domeTests/Info.plist;
				LD_RUNPATH_SEARCH_PATHS = "$(inherited) @executable_path/Frameworks @loader_path/Frameworks";
				PRODUCT_BUNDLE_IDENTIFIER = com.lxs.domeTests;
				PRODUCT_NAME = "$(TARGET_NAME)";
				SWIFT_VERSION = 4.0;
				TARGETED_DEVICE_FAMILY = "1,2";
				TEST_HOST = "$(BUILT_PRODUCTS_DIR)/dome.app/dome";
			};
			name = Release;
		};
		73E06B23216C4FF500537A1D /* Debug */ = {
			isa = XCBuildConfiguration;
			baseConfigurationReference = 1A783F187A01EF86DAF5CC4E /* Pods-domeUITests.debug.xcconfig */;
			buildSettings = {
				ALWAYS_EMBED_SWIFT_STANDARD_LIBRARIES = YES;
				CODE_SIGN_STYLE = Automatic;
				INFOPLIST_FILE = domeUITests/Info.plist;
				LD_RUNPATH_SEARCH_PATHS = "$(inherited) @executable_path/Frameworks @loader_path/Frameworks";
				PRODUCT_BUNDLE_IDENTIFIER = com.lxs.domeUITests;
				PRODUCT_NAME = "$(TARGET_NAME)";
				SWIFT_VERSION = 4.0;
				TARGETED_DEVICE_FAMILY = "1,2";
				TEST_TARGET_NAME = dome;
			};
			name = Debug;
		};
		73E06B24216C4FF500537A1D /* Release */ = {
			isa = XCBuildConfiguration;
			baseConfigurationReference = B23D630779E0FAC311A4C366 /* Pods-domeUITests.release.xcconfig */;
			buildSettings = {
				ALWAYS_EMBED_SWIFT_STANDARD_LIBRARIES = YES;
				CODE_SIGN_STYLE = Automatic;
				INFOPLIST_FILE = domeUITests/Info.plist;
				LD_RUNPATH_SEARCH_PATHS = "$(inherited) @executable_path/Frameworks @loader_path/Frameworks";
				PRODUCT_BUNDLE_IDENTIFIER = com.lxs.domeUITests;
				PRODUCT_NAME = "$(TARGET_NAME)";
				SWIFT_VERSION = 4.0;
				TARGETED_DEVICE_FAMILY = "1,2";
				TEST_TARGET_NAME = dome;
			};
			name = Release;
		};
/* End XCBuildConfiguration section */

/* Begin XCConfigurationList section */
		73E06AEF216C4FF400537A1D /* Build configuration list for PBXProject "dome" */ = {
			isa = XCConfigurationList;
			buildConfigurations = (
				73E06B1A216C4FF500537A1D /* Debug */,
				73E06B1B216C4FF500537A1D /* Release */,
			);
			defaultConfigurationIsVisible = 0;
			defaultConfigurationName = Release;
		};
		73E06B1C216C4FF500537A1D /* Build configuration list for PBXNativeTarget "dome" */ = {
			isa = XCConfigurationList;
			buildConfigurations = (
				73E06B1D216C4FF500537A1D /* Debug */,
				73E06B1E216C4FF500537A1D /* Release */,
			);
			defaultConfigurationIsVisible = 0;
			defaultConfigurationName = Release;
		};
		73E06B1F216C4FF500537A1D /* Build configuration list for PBXNativeTarget "domeTests" */ = {
			isa = XCConfigurationList;
			buildConfigurations = (
				73E06B20216C4FF500537A1D /* Debug */,
				73E06B21216C4FF500537A1D /* Release */,
			);
			defaultConfigurationIsVisible = 0;
			defaultConfigurationName = Release;
		};
		73E06B22216C4FF500537A1D /* Build configuration list for PBXNativeTarget "domeUITests" */ = {
			isa = XCConfigurationList;
			buildConfigurations = (
				73E06B23216C4FF500537A1D /* Debug */,
				73E06B24216C4FF500537A1D /* Release */,
			);
			defaultConfigurationIsVisible = 0;
			defaultConfigurationName = Release;
		};
/* End XCConfigurationList section */
	};
	rootObject = 73E06AEC216C4FF400537A1D /* Project object */;
}
